
Microsoft Visual Studio Solution File, Format Version 12.00
# Visual Studio Version 16
VisualStudioVersion = 16.0.29215.179
MinimumVisualStudioVersion = 10.0.40219.1
Project("{FAE04EC0-301F-11D3-BF4B-00C04F79EFBC}") = "Castle.Windsor.ContainerValidator", "Castle.Windsor.ContainerValidator\Castle.Windsor.ContainerValidator.csproj", "{B522ECC5-25EB-46AB-A571-9FE5FD9FA7B1}"
EndProject
Global
	GlobalSection(SolutionConfigurationPlatforms) = preSolution
		Debug|Any CPU = Debug|Any CPU
		Release|Any CPU = Release|Any CPU
	EndGlobalSection
	GlobalSection(ProjectConfigurationPlatforms) = postSolution
		{B522ECC5-25EB-46AB-A571-9FE5FD9FA7B1}.Debug|Any CPU.ActiveCfg = Debug|Any CPU
		{B522ECC5-25EB-46AB-A571-9FE5FD9FA7B1}.Debug|Any CPU.Build.0 = Debug|Any CPU
		{B522ECC5-25EB-46AB-A571-9FE5FD9FA7B1}.Release|Any CPU.ActiveCfg = Release|Any CPU
		{B522ECC5-25EB-46AB-A571-9FE5FD9FA7B1}.Release|Any CPU.Build.0 = Release|Any CPU
	EndGlobalSection
	GlobalSection(SolutionProperties) = preSolution
		HideSolutionNode = FALSE
	EndGlobalSection
	GlobalSection(ExtensibilityGlobals) = postSolution
		SolutionGuid = {55DB0D49-68B5-4D25-8084-EC42086E7934}
	EndGlobalSection
EndGlobal
