
Microsoft Visual Studio Solution File, Format Version 12.00
# Visual Studio Version 16
VisualStudioVersion = 16.0.29215.179
MinimumVisualStudioVersion = 10.0.40219.1
Project("{9A19103F-16F7-4668-BE54-9A1E7A4F7556}") = "Castle.Windsor.Validations", "Castle.Windsor.Validations\Castle.Windsor.Validations.csproj", "{B522ECC5-25EB-46AB-A571-9FE5FD9FA7B1}"
EndProject
Project("{2150E333-8FDC-42A3-9474-1A3956D46DE8}") = "SolutionItems", "SolutionItems", "{9BC8374C-7000-45FD-82F6-CA18B77E8F50}"
	ProjectSection(SolutionItems) = preProject
		..\LICENSE = ..\LICENSE
		..\README.md = ..\README.md
	EndProjectSection
EndProject
Global
	GlobalSection(SolutionConfigurationPlatforms) = preSolution
		Debug|Any CPU = Debug|Any CPU
		Release|Any CPU = Release|Any CPU
	EndGlobalSection
	GlobalSection(ProjectConfigurationPlatforms) = postSolution
		{B522ECC5-25EB-46AB-A571-9FE5FD9FA7B1}.Debug|Any CPU.ActiveCfg = Debug|Any CPU
		{B522ECC5-25EB-46AB-A571-9FE5FD9FA7B1}.Debug|Any CPU.Build.0 = Debug|Any CPU
		{B522ECC5-25EB-46AB-A571-9FE5FD9FA7B1}.Release|Any CPU.ActiveCfg = Release|Any CPU
		{B522ECC5-25EB-46AB-A571-9FE5FD9FA7B1}.Release|Any CPU.Build.0 = Release|Any CPU
	EndGlobalSection
	GlobalSection(SolutionProperties) = preSolution
		HideSolutionNode = FALSE
	EndGlobalSection
	GlobalSection(ExtensibilityGlobals) = postSolution
		SolutionGuid = {55DB0D49-68B5-4D25-8084-EC42086E7934}
	EndGlobalSection
EndGlobal
